
Microsoft Visual Studio Solution File, Format Version 12.00
# Visual Studio Version 17
VisualStudioVersion = 17.5.33516.290
MinimumVisualStudioVersion = 10.0.40219.1
Project("{FAE04EC0-301F-11D3-BF4B-00C04F79EFBC}") = "TMC", "TMC\TMC.csproj", "{55D8679B-E55A-46F0-83AA-430AA500A568}"
EndProject
Global
	GlobalSection(SolutionConfigurationPlatforms) = preSolution
		Debug|Any CPU = Debug|Any CPU
		Release|Any CPU = Release|Any CPU
	EndGlobalSection
	GlobalSection(ProjectConfigurationPlatforms) = postSolution
		{55D8679B-E55A-46F0-83AA-430AA500A568}.Debug|Any CPU.ActiveCfg = Debug|Any CPU
		{55D8679B-E55A-46F0-83AA-430AA500A568}.Debug|Any CPU.Build.0 = Debug|Any CPU
		{55D8679B-E55A-46F0-83AA-430AA500A568}.Release|Any CPU.ActiveCfg = Release|Any CPU
		{55D8679B-E55A-46F0-83AA-430AA500A568}.Release|Any CPU.Build.0 = Release|Any CPU
	EndGlobalSection
	GlobalSection(SolutionProperties) = preSolution
		HideSolutionNode = FALSE
	EndGlobalSection
	GlobalSection(ExtensibilityGlobals) = postSolution
		SolutionGuid = {AE1E13EF-9A61-45BF-A53F-F25E9686A7A7}
	EndGlobalSection
EndGlobal
